
Microsoft Visual Studio Solution File, Format Version 12.00
# Visual Studio Version 17
VisualStudioVersion = 17.5.33627.172
MinimumVisualStudioVersion = 10.0.40219.1
Project("{FAE04EC0-301F-11D3-BF4B-00C04F79EFBC}") = "Сравнение Скорости", "Сравнение Скорости\Сравнение Скорости.csproj", "{99F7372E-7CFD-410D-B8A8-9937E9A294D3}"
EndProject
Global
	GlobalSection(SolutionConfigurationPlatforms) = preSolution
		Debug|Any CPU = Debug|Any CPU
		Release|Any CPU = Release|Any CPU
	EndGlobalSection
	GlobalSection(ProjectConfigurationPlatforms) = postSolution
		{99F7372E-7CFD-410D-B8A8-9937E9A294D3}.Debug|Any CPU.ActiveCfg = Debug|Any CPU
		{99F7372E-7CFD-410D-B8A8-9937E9A294D3}.Debug|Any CPU.Build.0 = Debug|Any CPU
		{99F7372E-7CFD-410D-B8A8-9937E9A294D3}.Release|Any CPU.ActiveCfg = Release|Any CPU
		{99F7372E-7CFD-410D-B8A8-9937E9A294D3}.Release|Any CPU.Build.0 = Release|Any CPU
	EndGlobalSection
	GlobalSection(SolutionProperties) = preSolution
		HideSolutionNode = FALSE
	EndGlobalSection
	GlobalSection(ExtensibilityGlobals) = postSolution
		SolutionGuid = {B689938F-A241-47F4-BDD3-DD0E92816220}
	EndGlobalSection
EndGlobal
